
Microsoft Visual Studio Solution File, Format Version 12.00
# Visual Studio 2013
VisualStudioVersion = 12.0.40629.0
MinimumVisualStudioVersion = 10.0.40219.1
Project("{FAE04EC0-301F-11D3-BF4B-00C04F79EFBC}") = "DuongThuanQuang_Bai3", "DuongThuanQuang_Bai3\DuongThuanQuang_Bai3.csproj", "{87941992-0F59-4D7C-8B09-16370DEB2888}"
EndProject
Global
	GlobalSection(SolutionConfigurationPlatforms) = preSolution
		Debug|Any CPU = Debug|Any CPU
		Release|Any CPU = Release|Any CPU
	EndGlobalSection
	GlobalSection(ProjectConfigurationPlatforms) = postSolution
		{87941992-0F59-4D7C-8B09-16370DEB2888}.Debug|Any CPU.ActiveCfg = Debug|Any CPU
		{87941992-0F59-4D7C-8B09-16370DEB2888}.Debug|Any CPU.Build.0 = Debug|Any CPU
		{87941992-0F59-4D7C-8B09-16370DEB2888}.Release|Any CPU.ActiveCfg = Release|Any CPU
		{87941992-0F59-4D7C-8B09-16370DEB2888}.Release|Any CPU.Build.0 = Release|Any CPU
	EndGlobalSection
	GlobalSection(SolutionProperties) = preSolution
		HideSolutionNode = FALSE
	EndGlobalSection
EndGlobal
